
Microsoft Visual Studio Solution File, Format Version 12.00
# Visual Studio 15
VisualStudioVersion = 15.0.28010.2016
MinimumVisualStudioVersion = 10.0.40219.1
Project("{FAE04EC0-301F-11D3-BF4B-00C04F79EFBC}") = "HtmlToPdfConverter", "HtmlToPdfConverter\HtmlToPdfConverter.csproj", "{B664CD16-76F5-4C59-ACF2-EAC67FB0318E}"
EndProject
Project("{FAE04EC0-301F-11D3-BF4B-00C04F79EFBC}") = "Business", "Business\Business.csproj", "{2463B602-8D9B-43F5-8CAB-3A5B82C5B864}"
EndProject
Global
	GlobalSection(SolutionConfigurationPlatforms) = preSolution
		Debug|Any CPU = Debug|Any CPU
		Release|Any CPU = Release|Any CPU
	EndGlobalSection
	GlobalSection(ProjectConfigurationPlatforms) = postSolution
		{B664CD16-76F5-4C59-ACF2-EAC67FB0318E}.Debug|Any CPU.ActiveCfg = Debug|Any CPU
		{B664CD16-76F5-4C59-ACF2-EAC67FB0318E}.Debug|Any CPU.Build.0 = Debug|Any CPU
		{B664CD16-76F5-4C59-ACF2-EAC67FB0318E}.Release|Any CPU.ActiveCfg = Release|Any CPU
		{B664CD16-76F5-4C59-ACF2-EAC67FB0318E}.Release|Any CPU.Build.0 = Release|Any CPU
		{2463B602-8D9B-43F5-8CAB-3A5B82C5B864}.Debug|Any CPU.ActiveCfg = Debug|Any CPU
		{2463B602-8D9B-43F5-8CAB-3A5B82C5B864}.Debug|Any CPU.Build.0 = Debug|Any CPU
		{2463B602-8D9B-43F5-8CAB-3A5B82C5B864}.Release|Any CPU.ActiveCfg = Release|Any CPU
		{2463B602-8D9B-43F5-8CAB-3A5B82C5B864}.Release|Any CPU.Build.0 = Release|Any CPU
	EndGlobalSection
	GlobalSection(SolutionProperties) = preSolution
		HideSolutionNode = FALSE
	EndGlobalSection
	GlobalSection(ExtensibilityGlobals) = postSolution
		SolutionGuid = {017901FB-F11C-4065-A8DB-65E1B2E66207}
	EndGlobalSection
EndGlobal
